
Microsoft Visual Studio Solution File, Format Version 12.00
# Visual Studio Version 16
VisualStudioVersion = 16.0.30011.22
MinimumVisualStudioVersion = 10.0.40219.1
Project("{8BC9CEB8-8B4A-11D0-8D11-00A0C91BC942}") = "prjCppTesteTabuada", "prjCppTesteTabuada\prjCppTesteTabuada.vcxproj", "{4402D66C-24C3-43CE-8252-DF70FBD3F0BA}"
EndProject
Global
	GlobalSection(SolutionConfigurationPlatforms) = preSolution
		Debug|x64 = Debug|x64
		Debug|x86 = Debug|x86
		Release|x64 = Release|x64
		Release|x86 = Release|x86
	EndGlobalSection
	GlobalSection(ProjectConfigurationPlatforms) = postSolution
		{4402D66C-24C3-43CE-8252-DF70FBD3F0BA}.Debug|x64.ActiveCfg = Debug|x64
		{4402D66C-24C3-43CE-8252-DF70FBD3F0BA}.Debug|x64.Build.0 = Debug|x64
		{4402D66C-24C3-43CE-8252-DF70FBD3F0BA}.Debug|x86.ActiveCfg = Debug|Win32
		{4402D66C-24C3-43CE-8252-DF70FBD3F0BA}.Debug|x86.Build.0 = Debug|Win32
		{4402D66C-24C3-43CE-8252-DF70FBD3F0BA}.Release|x64.ActiveCfg = Release|x64
		{4402D66C-24C3-43CE-8252-DF70FBD3F0BA}.Release|x64.Build.0 = Release|x64
		{4402D66C-24C3-43CE-8252-DF70FBD3F0BA}.Release|x86.ActiveCfg = Release|Win32
		{4402D66C-24C3-43CE-8252-DF70FBD3F0BA}.Release|x86.Build.0 = Release|Win32
	EndGlobalSection
	GlobalSection(SolutionProperties) = preSolution
		HideSolutionNode = FALSE
	EndGlobalSection
	GlobalSection(ExtensibilityGlobals) = postSolution
		SolutionGuid = {B681A541-B61C-400B-9EC3-4B93ACEFBF6D}
	EndGlobalSection
EndGlobal
